
Microsoft Visual Studio Solution File, Format Version 11.00
# Visual Studio 2010
Project("{8BC9CEB8-8B4A-11D0-8D11-00A0C91BC942}") = "ui", "ui.vcxproj", "{A8EAC38E-C7DA-42F8-811D-77FD092B9D19}"
EndProject
Project("{8BC9CEB8-8B4A-11D0-8D11-00A0C91BC942}") = "cgame", "cgame.vcxproj", "{C878E295-CB82-4B40-8ECF-5CE5525466FA}"
EndProject
Project("{8BC9CEB8-8B4A-11D0-8D11-00A0C91BC942}") = "game", "game.vcxproj", "{F9EE10DA-2404-4154-B904-F93C936C040A}"
EndProject
Project("{8BC9CEB8-8B4A-11D0-8D11-00A0C91BC942}") = "q3_ui", "q3_ui.vcxproj", "{D454C4C7-7765-4149-ABAD-05FDEB9D94F8}"
EndProject
Project("{8BC9CEB8-8B4A-11D0-8D11-00A0C91BC942}") = "uippc", "..\uippc\uippc.vcxproj", "{88360D51-4588-423F-9B13-02152D6A251E}"
EndProject
Project("{8BC9CEB8-8B4A-11D0-8D11-00A0C91BC942}") = "cgameppc", "cgameppc\cgameppc.vcxproj", "{671BFD38-F1D6-4440-97C2-557C2E61E0E9}"
EndProject
Project("{8BC9CEB8-8B4A-11D0-8D11-00A0C91BC942}") = "q3uippc", "q3uippc\q3uippc.vcxproj", "{8E57F18F-6E49-49A8-A8E5-9649D66C8A7A}"
EndProject
Global
	GlobalSection(SolutionConfigurationPlatforms) = preSolution
		CodeAnalysis|Win32 = CodeAnalysis|Win32
		CodeAnalysis|x64 = CodeAnalysis|x64
		CodeAnalysis|Xbox 360 = CodeAnalysis|Xbox 360
		Debug TA|Win32 = Debug TA|Win32
		Debug TA|x64 = Debug TA|x64
		Debug TA|Xbox 360 = Debug TA|Xbox 360
		Debug XB|Win32 = Debug XB|Win32
		Debug XB|x64 = Debug XB|x64
		Debug XB|Xbox 360 = Debug XB|Xbox 360
		Debug|Win32 = Debug|Win32
		Debug|x64 = Debug|x64
		Debug|Xbox 360 = Debug|Xbox 360
		Profile_FastCap|Win32 = Profile_FastCap|Win32
		Profile_FastCap|x64 = Profile_FastCap|x64
		Profile_FastCap|Xbox 360 = Profile_FastCap|Xbox 360
		Profile|Win32 = Profile|Win32
		Profile|x64 = Profile|x64
		Profile|Xbox 360 = Profile|Xbox 360
		Release TA|Win32 = Release TA|Win32
		Release TA|x64 = Release TA|x64
		Release TA|Xbox 360 = Release TA|Xbox 360
		Release_LTCG|Win32 = Release_LTCG|Win32
		Release_LTCG|x64 = Release_LTCG|x64
		Release_LTCG|Xbox 360 = Release_LTCG|Xbox 360
		Release|Win32 = Release|Win32
		Release|x64 = Release|x64
		Release|Xbox 360 = Release|Xbox 360
	EndGlobalSection
	GlobalSection(ProjectConfigurationPlatforms) = postSolution
		{A8EAC38E-C7DA-42F8-811D-77FD092B9D19}.CodeAnalysis|Win32.ActiveCfg = Release|Xbox 360
		{A8EAC38E-C7DA-42F8-811D-77FD092B9D19}.CodeAnalysis|x64.ActiveCfg = Release|Xbox 360
		{A8EAC38E-C7DA-42F8-811D-77FD092B9D19}.CodeAnalysis|Xbox 360.ActiveCfg = Release|Xbox 360
		{A8EAC38E-C7DA-42F8-811D-77FD092B9D19}.CodeAnalysis|Xbox 360.Build.0 = Release|Xbox 360
		{A8EAC38E-C7DA-42F8-811D-77FD092B9D19}.Debug TA|Win32.ActiveCfg = Debug TA|Win32
		{A8EAC38E-C7DA-42F8-811D-77FD092B9D19}.Debug TA|Win32.Build.0 = Debug TA|Win32
		{A8EAC38E-C7DA-42F8-811D-77FD092B9D19}.Debug TA|x64.ActiveCfg = Debug TA|x64
		{A8EAC38E-C7DA-42F8-811D-77FD092B9D19}.Debug TA|x64.Build.0 = Debug TA|x64
		{A8EAC38E-C7DA-42F8-811D-77FD092B9D19}.Debug TA|Xbox 360.ActiveCfg = Debug TA|Xbox 360
		{A8EAC38E-C7DA-42F8-811D-77FD092B9D19}.Debug TA|Xbox 360.Build.0 = Debug TA|Xbox 360
		{A8EAC38E-C7DA-42F8-811D-77FD092B9D19}.Debug XB|Win32.ActiveCfg = Debug XB|Win32
		{A8EAC38E-C7DA-42F8-811D-77FD092B9D19}.Debug XB|Win32.Build.0 = Debug XB|Win32
		{A8EAC38E-C7DA-42F8-811D-77FD092B9D19}.Debug XB|x64.ActiveCfg = Debug XB|x64
		{A8EAC38E-C7DA-42F8-811D-77FD092B9D19}.Debug XB|x64.Build.0 = Debug XB|x64
		{A8EAC38E-C7DA-42F8-811D-77FD092B9D19}.Debug XB|Xbox 360.ActiveCfg = Debug XB|Xbox 360
		{A8EAC38E-C7DA-42F8-811D-77FD092B9D19}.Debug XB|Xbox 360.Build.0 = Debug XB|Xbox 360
		{A8EAC38E-C7DA-42F8-811D-77FD092B9D19}.Debug|Win32.ActiveCfg = Debug|Win32
		{A8EAC38E-C7DA-42F8-811D-77FD092B9D19}.Debug|Win32.Build.0 = Debug|Win32
		{A8EAC38E-C7DA-42F8-811D-77FD092B9D19}.Debug|x64.ActiveCfg = Debug|x64
		{A8EAC38E-C7DA-42F8-811D-77FD092B9D19}.Debug|x64.Build.0 = Debug|x64
		{A8EAC38E-C7DA-42F8-811D-77FD092B9D19}.Debug|Xbox 360.ActiveCfg = Debug|Xbox 360
		{A8EAC38E-C7DA-42F8-811D-77FD092B9D19}.Debug|Xbox 360.Build.0 = Debug|Xbox 360
		{A8EAC38E-C7DA-42F8-811D-77FD092B9D19}.Profile_FastCap|Win32.ActiveCfg = Release|Xbox 360
		{A8EAC38E-C7DA-42F8-811D-77FD092B9D19}.Profile_FastCap|x64.ActiveCfg = Release|Xbox 360
		{A8EAC38E-C7DA-42F8-811D-77FD092B9D19}.Profile_FastCap|Xbox 360.ActiveCfg = Release|Xbox 360
		{A8EAC38E-C7DA-42F8-811D-77FD092B9D19}.Profile_FastCap|Xbox 360.Build.0 = Release|Xbox 360
		{A8EAC38E-C7DA-42F8-811D-77FD092B9D19}.Profile|Win32.ActiveCfg = Release|Xbox 360
		{A8EAC38E-C7DA-42F8-811D-77FD092B9D19}.Profile|x64.ActiveCfg = Release|Xbox 360
		{A8EAC38E-C7DA-42F8-811D-77FD092B9D19}.Profile|Xbox 360.ActiveCfg = Release|Xbox 360
		{A8EAC38E-C7DA-42F8-811D-77FD092B9D19}.Profile|Xbox 360.Build.0 = Release|Xbox 360
		{A8EAC38E-C7DA-42F8-811D-77FD092B9D19}.Release TA|Win32.ActiveCfg = Release TA|Win32
		{A8EAC38E-C7DA-42F8-811D-77FD092B9D19}.Release TA|Win32.Build.0 = Release TA|Win32
		{A8EAC38E-C7DA-42F8-811D-77FD092B9D19}.Release TA|x64.ActiveCfg = Release TA|x64
		{A8EAC38E-C7DA-42F8-811D-77FD092B9D19}.Release TA|x64.Build.0 = Release TA|x64
		{A8EAC38E-C7DA-42F8-811D-77FD092B9D19}.Release TA|Xbox 360.ActiveCfg = Release TA|Xbox 360
		{A8EAC38E-C7DA-42F8-811D-77FD092B9D19}.Release TA|Xbox 360.Build.0 = Release TA|Xbox 360
		{A8EAC38E-C7DA-42F8-811D-77FD092B9D19}.Release_LTCG|Win32.ActiveCfg = Release|Xbox 360
		{A8EAC38E-C7DA-42F8-811D-77FD092B9D19}.Release_LTCG|x64.ActiveCfg = Release|Xbox 360
		{A8EAC38E-C7DA-42F8-811D-77FD092B9D19}.Release_LTCG|Xbox 360.ActiveCfg = Release|Xbox 360
		{A8EAC38E-C7DA-42F8-811D-77FD092B9D19}.Release_LTCG|Xbox 360.Build.0 = Release|Xbox 360
		{A8EAC38E-C7DA-42F8-811D-77FD092B9D19}.Release|Win32.ActiveCfg = Release|Win32
		{A8EAC38E-C7DA-42F8-811D-77FD092B9D19}.Release|Win32.Build.0 = Release|Win32
		{A8EAC38E-C7DA-42F8-811D-77FD092B9D19}.Release|x64.ActiveCfg = Release|x64
		{A8EAC38E-C7DA-42F8-811D-77FD092B9D19}.Release|x64.Build.0 = Release|x64
		{A8EAC38E-C7DA-42F8-811D-77FD092B9D19}.Release|Xbox 360.ActiveCfg = Release|Xbox 360
		{A8EAC38E-C7DA-42F8-811D-77FD092B9D19}.Release|Xbox 360.Build.0 = Release|Xbox 360
		{C878E295-CB82-4B40-8ECF-5CE5525466FA}.CodeAnalysis|Win32.ActiveCfg = Release|Xbox 360
		{C878E295-CB82-4B40-8ECF-5CE5525466FA}.CodeAnalysis|x64.ActiveCfg = Release|Xbox 360
		{C878E295-CB82-4B40-8ECF-5CE5525466FA}.CodeAnalysis|Xbox 360.ActiveCfg = Release|Xbox 360
		{C878E295-CB82-4B40-8ECF-5CE5525466FA}.CodeAnalysis|Xbox 360.Build.0 = Release|Xbox 360
		{C878E295-CB82-4B40-8ECF-5CE5525466FA}.Debug TA|Win32.ActiveCfg = Debug TA|Win32
		{C878E295-CB82-4B40-8ECF-5CE5525466FA}.Debug TA|Win32.Build.0 = Debug TA|Win32
		{C878E295-CB82-4B40-8ECF-5CE5525466FA}.Debug TA|x64.ActiveCfg = Debug TA|x64
		{C878E295-CB82-4B40-8ECF-5CE5525466FA}.Debug TA|x64.Build.0 = Debug TA|x64
		{C878E295-CB82-4B40-8ECF-5CE5525466FA}.Debug TA|Xbox 360.ActiveCfg = Debug TA|Xbox 360
		{C878E295-CB82-4B40-8ECF-5CE5525466FA}.Debug TA|Xbox 360.Build.0 = Debug TA|Xbox 360
		{C878E295-CB82-4B40-8ECF-5CE5525466FA}.Debug XB|Win32.ActiveCfg = Debug XB|Win32
		{C878E295-CB82-4B40-8ECF-5CE5525466FA}.Debug XB|Win32.Build.0 = Debug XB|Win32
		{C878E295-CB82-4B40-8ECF-5CE5525466FA}.Debug XB|x64.ActiveCfg = Debug XB|x64
		{C878E295-CB82-4B40-8ECF-5CE5525466FA}.Debug XB|x64.Build.0 = Debug XB|x64
		{C878E295-CB82-4B40-8ECF-5CE5525466FA}.Debug XB|Xbox 360.ActiveCfg = Debug XB|Xbox 360
		{C878E295-CB82-4B40-8ECF-5CE5525466FA}.Debug XB|Xbox 360.Build.0 = Debug XB|Xbox 360
		{C878E295-CB82-4B40-8ECF-5CE5525466FA}.Debug|Win32.ActiveCfg = Debug|Win32
		{C878E295-CB82-4B40-8ECF-5CE5525466FA}.Debug|Win32.Build.0 = Debug|Win32
		{C878E295-CB82-4B40-8ECF-5CE5525466FA}.Debug|x64.ActiveCfg = Debug|x64
		{C878E295-CB82-4B40-8ECF-5CE5525466FA}.Debug|x64.Build.0 = Debug|x64
		{C878E295-CB82-4B40-8ECF-5CE5525466FA}.Debug|Xbox 360.ActiveCfg = Debug|Xbox 360
		{C878E295-CB82-4B40-8ECF-5CE5525466FA}.Debug|Xbox 360.Build.0 = Debug|Xbox 360
		{C878E295-CB82-4B40-8ECF-5CE5525466FA}.Profile_FastCap|Win32.ActiveCfg = Release|Xbox 360
		{C878E295-CB82-4B40-8ECF-5CE5525466FA}.Profile_FastCap|x64.ActiveCfg = Release|Xbox 360
		{C878E295-CB82-4B40-8ECF-5CE5525466FA}.Profile_FastCap|Xbox 360.ActiveCfg = Release|Xbox 360
		{C878E295-CB82-4B40-8ECF-5CE5525466FA}.Profile_FastCap|Xbox 360.Build.0 = Release|Xbox 360
		{C878E295-CB82-4B40-8ECF-5CE5525466FA}.Profile|Win32.ActiveCfg = Release|Xbox 360
		{C878E295-CB82-4B40-8ECF-5CE5525466FA}.Profile|x64.ActiveCfg = Release|Xbox 360
		{C878E295-CB82-4B40-8ECF-5CE5525466FA}.Profile|Xbox 360.ActiveCfg = Release|Xbox 360
		{C878E295-CB82-4B40-8ECF-5CE5525466FA}.Profile|Xbox 360.Build.0 = Release|Xbox 360
		{C878E295-CB82-4B40-8ECF-5CE5525466FA}.Release TA|Win32.ActiveCfg = Release TA|Win32
		{C878E295-CB82-4B40-8ECF-5CE5525466FA}.Release TA|Win32.Build.0 = Release TA|Win32
		{C878E295-CB82-4B40-8ECF-5CE5525466FA}.Release TA|x64.ActiveCfg = Release TA|x64
		{C878E295-CB82-4B40-8ECF-5CE5525466FA}.Release TA|x64.Build.0 = Release TA|x64
		{C878E295-CB82-4B40-8ECF-5CE5525466FA}.Release TA|Xbox 360.ActiveCfg = Release TA|Xbox 360
		{C878E295-CB82-4B40-8ECF-5CE5525466FA}.Release TA|Xbox 360.Build.0 = Release TA|Xbox 360
		{C878E295-CB82-4B40-8ECF-5CE5525466FA}.Release_LTCG|Win32.ActiveCfg = Release|Xbox 360
		{C878E295-CB82-4B40-8ECF-5CE5525466FA}.Release_LTCG|x64.ActiveCfg = Release|Xbox 360
		{C878E295-CB82-4B40-8ECF-5CE5525466FA}.Release_LTCG|Xbox 360.ActiveCfg = Release|Xbox 360
		{C878E295-CB82-4B40-8ECF-5CE5525466FA}.Release_LTCG|Xbox 360.Build.0 = Release|Xbox 360
		{C878E295-CB82-4B40-8ECF-5CE5525466FA}.Release|Win32.ActiveCfg = Release|Win32
		{C878E295-CB82-4B40-8ECF-5CE5525466FA}.Release|Win32.Build.0 = Release|Win32
		{C878E295-CB82-4B40-8ECF-5CE5525466FA}.Release|x64.ActiveCfg = Release|x64
		{C878E295-CB82-4B40-8ECF-5CE5525466FA}.Release|x64.Build.0 = Release|x64
		{C878E295-CB82-4B40-8ECF-5CE5525466FA}.Release|Xbox 360.ActiveCfg = Release|Xbox 360
		{C878E295-CB82-4B40-8ECF-5CE5525466FA}.Release|Xbox 360.Build.0 = Release|Xbox 360
		{F9EE10DA-2404-4154-B904-F93C936C040A}.CodeAnalysis|Win32.ActiveCfg = Release|Xbox 360
		{F9EE10DA-2404-4154-B904-F93C936C040A}.CodeAnalysis|x64.ActiveCfg = Release|Xbox 360
		{F9EE10DA-2404-4154-B904-F93C936C040A}.CodeAnalysis|Xbox 360.ActiveCfg = Release|Xbox 360
		{F9EE10DA-2404-4154-B904-F93C936C040A}.CodeAnalysis|Xbox 360.Build.0 = Release|Xbox 360
		{F9EE10DA-2404-4154-B904-F93C936C040A}.Debug TA|Win32.ActiveCfg = Debug TA|Win32
		{F9EE10DA-2404-4154-B904-F93C936C040A}.Debug TA|Win32.Build.0 = Debug TA|Win32
		{F9EE10DA-2404-4154-B904-F93C936C040A}.Debug TA|x64.ActiveCfg = Debug TA|x64
		{F9EE10DA-2404-4154-B904-F93C936C040A}.Debug TA|x64.Build.0 = Debug TA|x64
		{F9EE10DA-2404-4154-B904-F93C936C040A}.Debug TA|Xbox 360.ActiveCfg = Debug TA|Xbox 360
		{F9EE10DA-2404-4154-B904-F93C936C040A}.Debug TA|Xbox 360.Build.0 = Debug TA|Xbox 360
		{F9EE10DA-2404-4154-B904-F93C936C040A}.Debug XB|Win32.ActiveCfg = Debug XB|Win32
		{F9EE10DA-2404-4154-B904-F93C936C040A}.Debug XB|Win32.Build.0 = Debug XB|Win32
		{F9EE10DA-2404-4154-B904-F93C936C040A}.Debug XB|x64.ActiveCfg = Debug XB|x64
		{F9EE10DA-2404-4154-B904-F93C936C040A}.Debug XB|x64.Build.0 = Debug XB|x64
		{F9EE10DA-2404-4154-B904-F93C936C040A}.Debug XB|Xbox 360.ActiveCfg = Debug XB|Xbox 360
		{F9EE10DA-2404-4154-B904-F93C936C040A}.Debug XB|Xbox 360.Build.0 = Debug XB|Xbox 360
		{F9EE10DA-2404-4154-B904-F93C936C040A}.Debug|Win32.ActiveCfg = Debug|Win32
		{F9EE10DA-2404-4154-B904-F93C936C040A}.Debug|Win32.Build.0 = Debug|Win32
		{F9EE10DA-2404-4154-B904-F93C936C040A}.Debug|x64.ActiveCfg = Debug|x64
		{F9EE10DA-2404-4154-B904-F93C936C040A}.Debug|x64.Build.0 = Debug|x64
		{F9EE10DA-2404-4154-B904-F93C936C040A}.Debug|Xbox 360.ActiveCfg = Debug|Xbox 360
		{F9EE10DA-2404-4154-B904-F93C936C040A}.Debug|Xbox 360.Build.0 = Debug|Xbox 360
		{F9EE10DA-2404-4154-B904-F93C936C040A}.Profile_FastCap|Win32.ActiveCfg = Release|Xbox 360
		{F9EE10DA-2404-4154-B904-F93C936C040A}.Profile_FastCap|x64.ActiveCfg = Release|Xbox 360
		{F9EE10DA-2404-4154-B904-F93C936C040A}.Profile_FastCap|Xbox 360.ActiveCfg = Release|Xbox 360
		{F9EE10DA-2404-4154-B904-F93C936C040A}.Profile_FastCap|Xbox 360.Build.0 = Release|Xbox 360
		{F9EE10DA-2404-4154-B904-F93C936C040A}.Profile|Win32.ActiveCfg = Release|Xbox 360
		{F9EE10DA-2404-4154-B904-F93C936C040A}.Profile|x64.ActiveCfg = Release|Xbox 360
		{F9EE10DA-2404-4154-B904-F93C936C040A}.Profile|Xbox 360.ActiveCfg = Release|Xbox 360
		{F9EE10DA-2404-4154-B904-F93C936C040A}.Profile|Xbox 360.Build.0 = Release|Xbox 360
		{F9EE10DA-2404-4154-B904-F93C936C040A}.Release TA|Win32.ActiveCfg = Release TA|Win32
		{F9EE10DA-2404-4154-B904-F93C936C040A}.Release TA|Win32.Build.0 = Release TA|Win32
		{F9EE10DA-2404-4154-B904-F93C936C040A}.Release TA|x64.ActiveCfg = Release TA|x64
		{F9EE10DA-2404-4154-B904-F93C936C040A}.Release TA|x64.Build.0 = Release TA|x64
		{F9EE10DA-2404-4154-B904-F93C936C040A}.Release TA|Xbox 360.ActiveCfg = Release TA|Xbox 360
		{F9EE10DA-2404-4154-B904-F93C936C040A}.Release TA|Xbox 360.Build.0 = Release TA|Xbox 360
		{F9EE10DA-2404-4154-B904-F93C936C040A}.Release_LTCG|Win32.ActiveCfg = Release|Xbox 360
		{F9EE10DA-2404-4154-B904-F93C936C040A}.Release_LTCG|x64.ActiveCfg = Release|Xbox 360
		{F9EE10DA-2404-4154-B904-F93C936C040A}.Release_LTCG|Xbox 360.ActiveCfg = Release|Xbox 360
		{F9EE10DA-2404-4154-B904-F93C936C040A}.Release_LTCG|Xbox 360.Build.0 = Release|Xbox 360
		{F9EE10DA-2404-4154-B904-F93C936C040A}.Release|Win32.ActiveCfg = Release|Win32
		{F9EE10DA-2404-4154-B904-F93C936C040A}.Release|Win32.Build.0 = Release|Win32
		{F9EE10DA-2404-4154-B904-F93C936C040A}.Release|x64.ActiveCfg = Release|x64
		{F9EE10DA-2404-4154-B904-F93C936C040A}.Release|x64.Build.0 = Release|x64
		{F9EE10DA-2404-4154-B904-F93C936C040A}.Release|Xbox 360.ActiveCfg = Release|Xbox 360
		{F9EE10DA-2404-4154-B904-F93C936C040A}.Release|Xbox 360.Build.0 = Release|Xbox 360
		{D454C4C7-7765-4149-ABAD-05FDEB9D94F8}.CodeAnalysis|Win32.ActiveCfg = Release|Xbox 360
		{D454C4C7-7765-4149-ABAD-05FDEB9D94F8}.CodeAnalysis|x64.ActiveCfg = Release|Xbox 360
		{D454C4C7-7765-4149-ABAD-05FDEB9D94F8}.CodeAnalysis|Xbox 360.ActiveCfg = Release|Xbox 360
		{D454C4C7-7765-4149-ABAD-05FDEB9D94F8}.CodeAnalysis|Xbox 360.Build.0 = Release|Xbox 360
		{D454C4C7-7765-4149-ABAD-05FDEB9D94F8}.Debug TA|Win32.ActiveCfg = Debug TA|Win32
		{D454C4C7-7765-4149-ABAD-05FDEB9D94F8}.Debug TA|Win32.Build.0 = Debug TA|Win32
		{D454C4C7-7765-4149-ABAD-05FDEB9D94F8}.Debug TA|x64.ActiveCfg = Debug TA|x64
		{D454C4C7-7765-4149-ABAD-05FDEB9D94F8}.Debug TA|x64.Build.0 = Debug TA|x64
		{D454C4C7-7765-4149-ABAD-05FDEB9D94F8}.Debug TA|Xbox 360.ActiveCfg = Debug TA|Xbox 360
		{D454C4C7-7765-4149-ABAD-05FDEB9D94F8}.Debug TA|Xbox 360.Build.0 = Debug TA|Xbox 360
		{D454C4C7-7765-4149-ABAD-05FDEB9D94F8}.Debug XB|Win32.ActiveCfg = Debug XB|Win32
		{D454C4C7-7765-4149-ABAD-05FDEB9D94F8}.Debug XB|Win32.Build.0 = Debug XB|Win32
		{D454C4C7-7765-4149-ABAD-05FDEB9D94F8}.Debug XB|x64.ActiveCfg = Debug XB|x64
		{D454C4C7-7765-4149-ABAD-05FDEB9D94F8}.Debug XB|x64.Build.0 = Debug XB|x64
		{D454C4C7-7765-4149-ABAD-05FDEB9D94F8}.Debug XB|Xbox 360.ActiveCfg = Debug XB|Xbox 360
		{D454C4C7-7765-4149-ABAD-05FDEB9D94F8}.Debug XB|Xbox 360.Build.0 = Debug XB|Xbox 360
		{D454C4C7-7765-4149-ABAD-05FDEB9D94F8}.Debug|Win32.ActiveCfg = Debug|Win32
		{D454C4C7-7765-4149-ABAD-05FDEB9D94F8}.Debug|Win32.Build.0 = Debug|Win32
		{D454C4C7-7765-4149-ABAD-05FDEB9D94F8}.Debug|x64.ActiveCfg = Debug|x64
		{D454C4C7-7765-4149-ABAD-05FDEB9D94F8}.Debug|x64.Build.0 = Debug|x64
		{D454C4C7-7765-4149-ABAD-05FDEB9D94F8}.Debug|Xbox 360.ActiveCfg = Debug|Xbox 360
		{D454C4C7-7765-4149-ABAD-05FDEB9D94F8}.Debug|Xbox 360.Build.0 = Debug|Xbox 360
		{D454C4C7-7765-4149-ABAD-05FDEB9D94F8}.Profile_FastCap|Win32.ActiveCfg = Release|Xbox 360
		{D454C4C7-7765-4149-ABAD-05FDEB9D94F8}.Profile_FastCap|x64.ActiveCfg = Release|Xbox 360
		{D454C4C7-7765-4149-ABAD-05FDEB9D94F8}.Profile_FastCap|Xbox 360.ActiveCfg = Release|Xbox 360
		{D454C4C7-7765-4149-ABAD-05FDEB9D94F8}.Profile_FastCap|Xbox 360.Build.0 = Release|Xbox 360
		{D454C4C7-7765-4149-ABAD-05FDEB9D94F8}.Profile|Win32.ActiveCfg = Release|Xbox 360
		{D454C4C7-7765-4149-ABAD-05FDEB9D94F8}.Profile|x64.ActiveCfg = Release|Xbox 360
		{D454C4C7-7765-4149-ABAD-05FDEB9D94F8}.Profile|Xbox 360.ActiveCfg = Release|Xbox 360
		{D454C4C7-7765-4149-ABAD-05FDEB9D94F8}.Profile|Xbox 360.Build.0 = Release|Xbox 360
		{D454C4C7-7765-4149-ABAD-05FDEB9D94F8}.Release TA|Win32.ActiveCfg = Release TA|Win32
		{D454C4C7-7765-4149-ABAD-05FDEB9D94F8}.Release TA|Win32.Build.0 = Release TA|Win32
		{D454C4C7-7765-4149-ABAD-05FDEB9D94F8}.Release TA|x64.ActiveCfg = Release TA|x64
		{D454C4C7-7765-4149-ABAD-05FDEB9D94F8}.Release TA|x64.Build.0 = Release TA|x64
		{D454C4C7-7765-4149-ABAD-05FDEB9D94F8}.Release TA|Xbox 360.ActiveCfg = Release TA|Xbox 360
		{D454C4C7-7765-4149-ABAD-05FDEB9D94F8}.Release TA|Xbox 360.Build.0 = Release TA|Xbox 360
		{D454C4C7-7765-4149-ABAD-05FDEB9D94F8}.Release_LTCG|Win32.ActiveCfg = Release|Xbox 360
		{D454C4C7-7765-4149-ABAD-05FDEB9D94F8}.Release_LTCG|x64.ActiveCfg = Release|Xbox 360
		{D454C4C7-7765-4149-ABAD-05FDEB9D94F8}.Release_LTCG|Xbox 360.ActiveCfg = Release|Xbox 360
		{D454C4C7-7765-4149-ABAD-05FDEB9D94F8}.Release_LTCG|Xbox 360.Build.0 = Release|Xbox 360
		{D454C4C7-7765-4149-ABAD-05FDEB9D94F8}.Release|Win32.ActiveCfg = Release|Win32
		{D454C4C7-7765-4149-ABAD-05FDEB9D94F8}.Release|Win32.Build.0 = Release|Win32
		{D454C4C7-7765-4149-ABAD-05FDEB9D94F8}.Release|x64.ActiveCfg = Release|x64
		{D454C4C7-7765-4149-ABAD-05FDEB9D94F8}.Release|x64.Build.0 = Release|x64
		{D454C4C7-7765-4149-ABAD-05FDEB9D94F8}.Release|Xbox 360.ActiveCfg = Release|Xbox 360
		{D454C4C7-7765-4149-ABAD-05FDEB9D94F8}.Release|Xbox 360.Build.0 = Release|Xbox 360
		{88360D51-4588-423F-9B13-02152D6A251E}.CodeAnalysis|Win32.ActiveCfg = CodeAnalysis|Xbox 360
		{88360D51-4588-423F-9B13-02152D6A251E}.CodeAnalysis|x64.ActiveCfg = CodeAnalysis|Xbox 360
		{88360D51-4588-423F-9B13-02152D6A251E}.CodeAnalysis|Xbox 360.ActiveCfg = CodeAnalysis|Xbox 360
		{88360D51-4588-423F-9B13-02152D6A251E}.CodeAnalysis|Xbox 360.Build.0 = CodeAnalysis|Xbox 360
		{88360D51-4588-423F-9B13-02152D6A251E}.Debug TA|Win32.ActiveCfg = Debug|Xbox 360
		{88360D51-4588-423F-9B13-02152D6A251E}.Debug TA|x64.ActiveCfg = Debug|Xbox 360
		{88360D51-4588-423F-9B13-02152D6A251E}.Debug TA|Xbox 360.ActiveCfg = Debug|Xbox 360
		{88360D51-4588-423F-9B13-02152D6A251E}.Debug TA|Xbox 360.Build.0 = Debug|Xbox 360
		{88360D51-4588-423F-9B13-02152D6A251E}.Debug XB|Win32.ActiveCfg = Debug|Xbox 360
		{88360D51-4588-423F-9B13-02152D6A251E}.Debug XB|x64.ActiveCfg = Debug|Xbox 360
		{88360D51-4588-423F-9B13-02152D6A251E}.Debug XB|Xbox 360.ActiveCfg = Debug|Xbox 360
		{88360D51-4588-423F-9B13-02152D6A251E}.Debug XB|Xbox 360.Build.0 = Debug|Xbox 360
		{88360D51-4588-423F-9B13-02152D6A251E}.Debug|Win32.ActiveCfg = Debug|Xbox 360
		{88360D51-4588-423F-9B13-02152D6A251E}.Debug|x64.ActiveCfg = Debug|Xbox 360
		{88360D51-4588-423F-9B13-02152D6A251E}.Debug|Xbox 360.ActiveCfg = Debug|Xbox 360
		{88360D51-4588-423F-9B13-02152D6A251E}.Debug|Xbox 360.Build.0 = Debug|Xbox 360
		{88360D51-4588-423F-9B13-02152D6A251E}.Profile_FastCap|Win32.ActiveCfg = Profile_FastCap|Xbox 360
		{88360D51-4588-423F-9B13-02152D6A251E}.Profile_FastCap|x64.ActiveCfg = Profile_FastCap|Xbox 360
		{88360D51-4588-423F-9B13-02152D6A251E}.Profile_FastCap|Xbox 360.ActiveCfg = Profile_FastCap|Xbox 360
		{88360D51-4588-423F-9B13-02152D6A251E}.Profile_FastCap|Xbox 360.Build.0 = Profile_FastCap|Xbox 360
		{88360D51-4588-423F-9B13-02152D6A251E}.Profile|Win32.ActiveCfg = Profile|Xbox 360
		{88360D51-4588-423F-9B13-02152D6A251E}.Profile|x64.ActiveCfg = Profile|Xbox 360
		{88360D51-4588-423F-9B13-02152D6A251E}.Profile|Xbox 360.ActiveCfg = Profile|Xbox 360
		{88360D51-4588-423F-9B13-02152D6A251E}.Profile|Xbox 360.Build.0 = Profile|Xbox 360
		{88360D51-4588-423F-9B13-02152D6A251E}.Release TA|Win32.ActiveCfg = Release_LTCG|Xbox 360
		{88360D51-4588-423F-9B13-02152D6A251E}.Release TA|x64.ActiveCfg = Release_LTCG|Xbox 360
		{88360D51-4588-423F-9B13-02152D6A251E}.Release TA|Xbox 360.ActiveCfg = Release_LTCG|Xbox 360
		{88360D51-4588-423F-9B13-02152D6A251E}.Release TA|Xbox 360.Build.0 = Release_LTCG|Xbox 360
		{88360D51-4588-423F-9B13-02152D6A251E}.Release_LTCG|Win32.ActiveCfg = Release_LTCG|Xbox 360
		{88360D51-4588-423F-9B13-02152D6A251E}.Release_LTCG|x64.ActiveCfg = Release_LTCG|Xbox 360
		{88360D51-4588-423F-9B13-02152D6A251E}.Release_LTCG|Xbox 360.ActiveCfg = Release_LTCG|Xbox 360
		{88360D51-4588-423F-9B13-02152D6A251E}.Release_LTCG|Xbox 360.Build.0 = Release_LTCG|Xbox 360
		{88360D51-4588-423F-9B13-02152D6A251E}.Release|Win32.ActiveCfg = Release|Xbox 360
		{88360D51-4588-423F-9B13-02152D6A251E}.Release|x64.ActiveCfg = Release|Xbox 360
		{88360D51-4588-423F-9B13-02152D6A251E}.Release|Xbox 360.ActiveCfg = Release|Xbox 360
		{88360D51-4588-423F-9B13-02152D6A251E}.Release|Xbox 360.Build.0 = Release|Xbox 360
		{671BFD38-F1D6-4440-97C2-557C2E61E0E9}.CodeAnalysis|Win32.ActiveCfg = CodeAnalysis|Xbox 360
		{671BFD38-F1D6-4440-97C2-557C2E61E0E9}.CodeAnalysis|x64.ActiveCfg = CodeAnalysis|Xbox 360
		{671BFD38-F1D6-4440-97C2-557C2E61E0E9}.CodeAnalysis|Xbox 360.ActiveCfg = CodeAnalysis|Xbox 360
		{671BFD38-F1D6-4440-97C2-557C2E61E0E9}.CodeAnalysis|Xbox 360.Build.0 = CodeAnalysis|Xbox 360
		{671BFD38-F1D6-4440-97C2-557C2E61E0E9}.Debug TA|Win32.ActiveCfg = Debug|Xbox 360
		{671BFD38-F1D6-4440-97C2-557C2E61E0E9}.Debug TA|x64.ActiveCfg = Debug|Xbox 360
		{671BFD38-F1D6-4440-97C2-557C2E61E0E9}.Debug TA|Xbox 360.ActiveCfg = Debug|Xbox 360
		{671BFD38-F1D6-4440-97C2-557C2E61E0E9}.Debug TA|Xbox 360.Build.0 = Debug|Xbox 360
		{671BFD38-F1D6-4440-97C2-557C2E61E0E9}.Debug XB|Win32.ActiveCfg = Debug|Xbox 360
		{671BFD38-F1D6-4440-97C2-557C2E61E0E9}.Debug XB|x64.ActiveCfg = Debug|Xbox 360
		{671BFD38-F1D6-4440-97C2-557C2E61E0E9}.Debug XB|Xbox 360.ActiveCfg = Debug|Xbox 360
		{671BFD38-F1D6-4440-97C2-557C2E61E0E9}.Debug XB|Xbox 360.Build.0 = Debug|Xbox 360
		{671BFD38-F1D6-4440-97C2-557C2E61E0E9}.Debug|Win32.ActiveCfg = Debug|Xbox 360
		{671BFD38-F1D6-4440-97C2-557C2E61E0E9}.Debug|x64.ActiveCfg = Debug|Xbox 360
		{671BFD38-F1D6-4440-97C2-557C2E61E0E9}.Debug|Xbox 360.ActiveCfg = Debug|Xbox 360
		{671BFD38-F1D6-4440-97C2-557C2E61E0E9}.Debug|Xbox 360.Build.0 = Debug|Xbox 360
		{671BFD38-F1D6-4440-97C2-557C2E61E0E9}.Profile_FastCap|Win32.ActiveCfg = Profile_FastCap|Xbox 360
		{671BFD38-F1D6-4440-97C2-557C2E61E0E9}.Profile_FastCap|x64.ActiveCfg = Profile_FastCap|Xbox 360
		{671BFD38-F1D6-4440-97C2-557C2E61E0E9}.Profile_FastCap|Xbox 360.ActiveCfg = Profile_FastCap|Xbox 360
		{671BFD38-F1D6-4440-97C2-557C2E61E0E9}.Profile_FastCap|Xbox 360.Build.0 = Profile_FastCap|Xbox 360
		{671BFD38-F1D6-4440-97C2-557C2E61E0E9}.Profile|Win32.ActiveCfg = Profile|Xbox 360
		{671BFD38-F1D6-4440-97C2-557C2E61E0E9}.Profile|x64.ActiveCfg = Profile|Xbox 360
		{671BFD38-F1D6-4440-97C2-557C2E61E0E9}.Profile|Xbox 360.ActiveCfg = Profile|Xbox 360
		{671BFD38-F1D6-4440-97C2-557C2E61E0E9}.Profile|Xbox 360.Build.0 = Profile|Xbox 360
		{671BFD38-F1D6-4440-97C2-557C2E61E0E9}.Release TA|Win32.ActiveCfg = Release_LTCG|Xbox 360
		{671BFD38-F1D6-4440-97C2-557C2E61E0E9}.Release TA|x64.ActiveCfg = Release_LTCG|Xbox 360
		{671BFD38-F1D6-4440-97C2-557C2E61E0E9}.Release TA|Xbox 360.ActiveCfg = Release_LTCG|Xbox 360
		{671BFD38-F1D6-4440-97C2-557C2E61E0E9}.Release TA|Xbox 360.Build.0 = Release_LTCG|Xbox 360
		{671BFD38-F1D6-4440-97C2-557C2E61E0E9}.Release_LTCG|Win32.ActiveCfg = Release_LTCG|Xbox 360
		{671BFD38-F1D6-4440-97C2-557C2E61E0E9}.Release_LTCG|x64.ActiveCfg = Release_LTCG|Xbox 360
		{671BFD38-F1D6-4440-97C2-557C2E61E0E9}.Release_LTCG|Xbox 360.ActiveCfg = Release_LTCG|Xbox 360
		{671BFD38-F1D6-4440-97C2-557C2E61E0E9}.Release_LTCG|Xbox 360.Build.0 = Release_LTCG|Xbox 360
		{671BFD38-F1D6-4440-97C2-557C2E61E0E9}.Release|Win32.ActiveCfg = Release|Xbox 360
		{671BFD38-F1D6-4440-97C2-557C2E61E0E9}.Release|x64.ActiveCfg = Release|Xbox 360
		{671BFD38-F1D6-4440-97C2-557C2E61E0E9}.Release|Xbox 360.ActiveCfg = Release|Xbox 360
		{671BFD38-F1D6-4440-97C2-557C2E61E0E9}.Release|Xbox 360.Build.0 = Release|Xbox 360
		{8E57F18F-6E49-49A8-A8E5-9649D66C8A7A}.CodeAnalysis|Win32.ActiveCfg = CodeAnalysis|Xbox 360
		{8E57F18F-6E49-49A8-A8E5-9649D66C8A7A}.CodeAnalysis|x64.ActiveCfg = CodeAnalysis|Xbox 360
		{8E57F18F-6E49-49A8-A8E5-9649D66C8A7A}.CodeAnalysis|Xbox 360.ActiveCfg = CodeAnalysis|Xbox 360
		{8E57F18F-6E49-49A8-A8E5-9649D66C8A7A}.CodeAnalysis|Xbox 360.Build.0 = CodeAnalysis|Xbox 360
		{8E57F18F-6E49-49A8-A8E5-9649D66C8A7A}.Debug TA|Win32.ActiveCfg = Debug|Xbox 360
		{8E57F18F-6E49-49A8-A8E5-9649D66C8A7A}.Debug TA|x64.ActiveCfg = Debug|Xbox 360
		{8E57F18F-6E49-49A8-A8E5-9649D66C8A7A}.Debug TA|Xbox 360.ActiveCfg = Debug|Xbox 360
		{8E57F18F-6E49-49A8-A8E5-9649D66C8A7A}.Debug TA|Xbox 360.Build.0 = Debug|Xbox 360
		{8E57F18F-6E49-49A8-A8E5-9649D66C8A7A}.Debug XB|Win32.ActiveCfg = Debug|Xbox 360
		{8E57F18F-6E49-49A8-A8E5-9649D66C8A7A}.Debug XB|x64.ActiveCfg = Debug|Xbox 360
		{8E57F18F-6E49-49A8-A8E5-9649D66C8A7A}.Debug XB|Xbox 360.ActiveCfg = Debug|Xbox 360
		{8E57F18F-6E49-49A8-A8E5-9649D66C8A7A}.Debug XB|Xbox 360.Build.0 = Debug|Xbox 360
		{8E57F18F-6E49-49A8-A8E5-9649D66C8A7A}.Debug|Win32.ActiveCfg = Debug|Xbox 360
		{8E57F18F-6E49-49A8-A8E5-9649D66C8A7A}.Debug|x64.ActiveCfg = Debug|Xbox 360
		{8E57F18F-6E49-49A8-A8E5-9649D66C8A7A}.Debug|Xbox 360.ActiveCfg = Debug|Xbox 360
		{8E57F18F-6E49-49A8-A8E5-9649D66C8A7A}.Debug|Xbox 360.Build.0 = Debug|Xbox 360
		{8E57F18F-6E49-49A8-A8E5-9649D66C8A7A}.Profile_FastCap|Win32.ActiveCfg = Profile_FastCap|Xbox 360
		{8E57F18F-6E49-49A8-A8E5-9649D66C8A7A}.Profile_FastCap|x64.ActiveCfg = Profile_FastCap|Xbox 360
		{8E57F18F-6E49-49A8-A8E5-9649D66C8A7A}.Profile_FastCap|Xbox 360.ActiveCfg = Profile_FastCap|Xbox 360
		{8E57F18F-6E49-49A8-A8E5-9649D66C8A7A}.Profile_FastCap|Xbox 360.Build.0 = Profile_FastCap|Xbox 360
		{8E57F18F-6E49-49A8-A8E5-9649D66C8A7A}.Profile|Win32.ActiveCfg = Profile|Xbox 360
		{8E57F18F-6E49-49A8-A8E5-9649D66C8A7A}.Profile|x64.ActiveCfg = Profile|Xbox 360
		{8E57F18F-6E49-49A8-A8E5-9649D66C8A7A}.Profile|Xbox 360.ActiveCfg = Profile|Xbox 360
		{8E57F18F-6E49-49A8-A8E5-9649D66C8A7A}.Profile|Xbox 360.Build.0 = Profile|Xbox 360
		{8E57F18F-6E49-49A8-A8E5-9649D66C8A7A}.Release TA|Win32.ActiveCfg = Release_LTCG|Xbox 360
		{8E57F18F-6E49-49A8-A8E5-9649D66C8A7A}.Release TA|x64.ActiveCfg = Release_LTCG|Xbox 360
		{8E57F18F-6E49-49A8-A8E5-9649D66C8A7A}.Release TA|Xbox 360.ActiveCfg = Release_LTCG|Xbox 360
		{8E57F18F-6E49-49A8-A8E5-9649D66C8A7A}.Release TA|Xbox 360.Build.0 = Release_LTCG|Xbox 360
		{8E57F18F-6E49-49A8-A8E5-9649D66C8A7A}.Release_LTCG|Win32.ActiveCfg = Release_LTCG|Xbox 360
		{8E57F18F-6E49-49A8-A8E5-9649D66C8A7A}.Release_LTCG|x64.ActiveCfg = Release_LTCG|Xbox 360
		{8E57F18F-6E49-49A8-A8E5-9649D66C8A7A}.Release_LTCG|Xbox 360.ActiveCfg = Release_LTCG|Xbox 360
		{8E57F18F-6E49-49A8-A8E5-9649D66C8A7A}.Release_LTCG|Xbox 360.Build.0 = Release_LTCG|Xbox 360
		{8E57F18F-6E49-49A8-A8E5-9649D66C8A7A}.Release|Win32.ActiveCfg = Release|Xbox 360
		{8E57F18F-6E49-49A8-A8E5-9649D66C8A7A}.Release|x64.ActiveCfg = Release|Xbox 360
		{8E57F18F-6E49-49A8-A8E5-9649D66C8A7A}.Release|Xbox 360.ActiveCfg = Release|Xbox 360
		{8E57F18F-6E49-49A8-A8E5-9649D66C8A7A}.Release|Xbox 360.Build.0 = Release|Xbox 360
	EndGlobalSection
	GlobalSection(SolutionProperties) = preSolution
		HideSolutionNode = FALSE
	EndGlobalSection
EndGlobal
