Microsoft Visual Studio Solution File, Format Version 11.00
# Visual Studio 2010
Project("{8BC9CEB8-8B4A-11D0-8D11-00A0C91BC942}") = "gl", "..\gl\gl.vcxproj", "{CFF6B8D8-6F85-4021-8B14-FA0B32E689B1}"
EndProject
Project("{8BC9CEB8-8B4A-11D0-8D11-00A0C91BC942}") = "test_gl", "..\..\xenon\test_gl\test_gl.vcxproj", "{1ABEFDC0-E5C4-4FBC-A6C4-7324928B644D}"
	ProjectSection(ProjectDependencies) = postProject
		{CFF6B8D8-6F85-4021-8B14-FA0B32E689B1} = {CFF6B8D8-6F85-4021-8B14-FA0B32E689B1}
	EndProjectSection
EndProject
Project("{8BC9CEB8-8B4A-11D0-8D11-00A0C91BC942}") = "q3_360", "..\q3_360\q3_360.vcxproj", "{4FE629C7-0E4A-48E3-9404-95424BC21189}"
	ProjectSection(ProjectDependencies) = postProject
		{CFF6B8D8-6F85-4021-8B14-FA0B32E689B1} = {CFF6B8D8-6F85-4021-8B14-FA0B32E689B1}
	EndProjectSection
EndProject
Global
	GlobalSection(SolutionConfigurationPlatforms) = preSolution
		CodeAnalysis|Win32 = CodeAnalysis|Win32
		CodeAnalysis|x64 = CodeAnalysis|x64
		CodeAnalysis|Xbox 360 = CodeAnalysis|Xbox 360
		Debug TA|Win32 = Debug TA|Win32
		Debug TA|x64 = Debug TA|x64
		Debug TA|Xbox 360 = Debug TA|Xbox 360
		Debug XB|Win32 = Debug XB|Win32
		Debug XB|x64 = Debug XB|x64
		Debug XB|Xbox 360 = Debug XB|Xbox 360
		Debug|Win32 = Debug|Win32
		Debug|x64 = Debug|x64
		Debug|Xbox 360 = Debug|Xbox 360
		Profile_FastCap|Win32 = Profile_FastCap|Win32
		Profile_FastCap|x64 = Profile_FastCap|x64
		Profile_FastCap|Xbox 360 = Profile_FastCap|Xbox 360
		Profile|Win32 = Profile|Win32
		Profile|x64 = Profile|x64
		Profile|Xbox 360 = Profile|Xbox 360
		Release TA|Win32 = Release TA|Win32
		Release TA|x64 = Release TA|x64
		Release TA|Xbox 360 = Release TA|Xbox 360
		Release_LTCG|Win32 = Release_LTCG|Win32
		Release_LTCG|x64 = Release_LTCG|x64
		Release_LTCG|Xbox 360 = Release_LTCG|Xbox 360
		Release|Win32 = Release|Win32
		Release|x64 = Release|x64
		Release|Xbox 360 = Release|Xbox 360
	EndGlobalSection
	GlobalSection(ProjectConfigurationPlatforms) = postSolution
		{CFF6B8D8-6F85-4021-8B14-FA0B32E689B1}.CodeAnalysis|Win32.ActiveCfg = CodeAnalysis|Xbox 360
		{CFF6B8D8-6F85-4021-8B14-FA0B32E689B1}.CodeAnalysis|x64.ActiveCfg = CodeAnalysis|Xbox 360
		{CFF6B8D8-6F85-4021-8B14-FA0B32E689B1}.CodeAnalysis|Xbox 360.ActiveCfg = CodeAnalysis|Xbox 360
		{CFF6B8D8-6F85-4021-8B14-FA0B32E689B1}.CodeAnalysis|Xbox 360.Build.0 = CodeAnalysis|Xbox 360
		{CFF6B8D8-6F85-4021-8B14-FA0B32E689B1}.Debug TA|Win32.ActiveCfg = Debug|Xbox 360
		{CFF6B8D8-6F85-4021-8B14-FA0B32E689B1}.Debug TA|x64.ActiveCfg = Debug|Xbox 360
		{CFF6B8D8-6F85-4021-8B14-FA0B32E689B1}.Debug TA|Xbox 360.ActiveCfg = Debug|Xbox 360
		{CFF6B8D8-6F85-4021-8B14-FA0B32E689B1}.Debug TA|Xbox 360.Build.0 = Debug|Xbox 360
		{CFF6B8D8-6F85-4021-8B14-FA0B32E689B1}.Debug XB|Win32.ActiveCfg = Debug|Xbox 360
		{CFF6B8D8-6F85-4021-8B14-FA0B32E689B1}.Debug XB|x64.ActiveCfg = Debug|Xbox 360
		{CFF6B8D8-6F85-4021-8B14-FA0B32E689B1}.Debug XB|Xbox 360.ActiveCfg = Debug|Xbox 360
		{CFF6B8D8-6F85-4021-8B14-FA0B32E689B1}.Debug XB|Xbox 360.Build.0 = Debug|Xbox 360
		{CFF6B8D8-6F85-4021-8B14-FA0B32E689B1}.Debug|Win32.ActiveCfg = Debug|Xbox 360
		{CFF6B8D8-6F85-4021-8B14-FA0B32E689B1}.Debug|x64.ActiveCfg = Debug|Xbox 360
		{CFF6B8D8-6F85-4021-8B14-FA0B32E689B1}.Debug|Xbox 360.ActiveCfg = Debug|Xbox 360
		{CFF6B8D8-6F85-4021-8B14-FA0B32E689B1}.Debug|Xbox 360.Build.0 = Debug|Xbox 360
		{CFF6B8D8-6F85-4021-8B14-FA0B32E689B1}.Profile_FastCap|Win32.ActiveCfg = Profile_FastCap|Xbox 360
		{CFF6B8D8-6F85-4021-8B14-FA0B32E689B1}.Profile_FastCap|x64.ActiveCfg = Profile_FastCap|Xbox 360
		{CFF6B8D8-6F85-4021-8B14-FA0B32E689B1}.Profile_FastCap|Xbox 360.ActiveCfg = Profile_FastCap|Xbox 360
		{CFF6B8D8-6F85-4021-8B14-FA0B32E689B1}.Profile_FastCap|Xbox 360.Build.0 = Profile_FastCap|Xbox 360
		{CFF6B8D8-6F85-4021-8B14-FA0B32E689B1}.Profile|Win32.ActiveCfg = Profile|Xbox 360
		{CFF6B8D8-6F85-4021-8B14-FA0B32E689B1}.Profile|x64.ActiveCfg = Profile|Xbox 360
		{CFF6B8D8-6F85-4021-8B14-FA0B32E689B1}.Profile|Xbox 360.ActiveCfg = Profile|Xbox 360
		{CFF6B8D8-6F85-4021-8B14-FA0B32E689B1}.Profile|Xbox 360.Build.0 = Profile|Xbox 360
		{CFF6B8D8-6F85-4021-8B14-FA0B32E689B1}.Release TA|Win32.ActiveCfg = Release_LTCG|Xbox 360
		{CFF6B8D8-6F85-4021-8B14-FA0B32E689B1}.Release TA|x64.ActiveCfg = Release_LTCG|Xbox 360
		{CFF6B8D8-6F85-4021-8B14-FA0B32E689B1}.Release TA|Xbox 360.ActiveCfg = Release_LTCG|Xbox 360
		{CFF6B8D8-6F85-4021-8B14-FA0B32E689B1}.Release TA|Xbox 360.Build.0 = Release_LTCG|Xbox 360
		{CFF6B8D8-6F85-4021-8B14-FA0B32E689B1}.Release_LTCG|Win32.ActiveCfg = Release_LTCG|Xbox 360
		{CFF6B8D8-6F85-4021-8B14-FA0B32E689B1}.Release_LTCG|x64.ActiveCfg = Release_LTCG|Xbox 360
		{CFF6B8D8-6F85-4021-8B14-FA0B32E689B1}.Release_LTCG|Xbox 360.ActiveCfg = Release_LTCG|Xbox 360
		{CFF6B8D8-6F85-4021-8B14-FA0B32E689B1}.Release_LTCG|Xbox 360.Build.0 = Release_LTCG|Xbox 360
		{CFF6B8D8-6F85-4021-8B14-FA0B32E689B1}.Release|Win32.ActiveCfg = Release|Xbox 360
		{CFF6B8D8-6F85-4021-8B14-FA0B32E689B1}.Release|x64.ActiveCfg = Release|Xbox 360
		{CFF6B8D8-6F85-4021-8B14-FA0B32E689B1}.Release|Xbox 360.ActiveCfg = Release|Xbox 360
		{CFF6B8D8-6F85-4021-8B14-FA0B32E689B1}.Release|Xbox 360.Build.0 = Release|Xbox 360
		{1ABEFDC0-E5C4-4FBC-A6C4-7324928B644D}.CodeAnalysis|Win32.ActiveCfg = CodeAnalysis|Xbox 360
		{1ABEFDC0-E5C4-4FBC-A6C4-7324928B644D}.CodeAnalysis|x64.ActiveCfg = CodeAnalysis|Xbox 360
		{1ABEFDC0-E5C4-4FBC-A6C4-7324928B644D}.CodeAnalysis|Xbox 360.ActiveCfg = CodeAnalysis|Xbox 360
		{1ABEFDC0-E5C4-4FBC-A6C4-7324928B644D}.CodeAnalysis|Xbox 360.Build.0 = CodeAnalysis|Xbox 360
		{1ABEFDC0-E5C4-4FBC-A6C4-7324928B644D}.Debug TA|Win32.ActiveCfg = Debug|Xbox 360
		{1ABEFDC0-E5C4-4FBC-A6C4-7324928B644D}.Debug TA|x64.ActiveCfg = Debug|Xbox 360
		{1ABEFDC0-E5C4-4FBC-A6C4-7324928B644D}.Debug TA|Xbox 360.ActiveCfg = Debug|Xbox 360
		{1ABEFDC0-E5C4-4FBC-A6C4-7324928B644D}.Debug TA|Xbox 360.Build.0 = Debug|Xbox 360
		{1ABEFDC0-E5C4-4FBC-A6C4-7324928B644D}.Debug XB|Win32.ActiveCfg = Debug|Xbox 360
		{1ABEFDC0-E5C4-4FBC-A6C4-7324928B644D}.Debug XB|x64.ActiveCfg = Debug|Xbox 360
		{1ABEFDC0-E5C4-4FBC-A6C4-7324928B644D}.Debug XB|Xbox 360.ActiveCfg = Debug|Xbox 360
		{1ABEFDC0-E5C4-4FBC-A6C4-7324928B644D}.Debug XB|Xbox 360.Build.0 = Debug|Xbox 360
		{1ABEFDC0-E5C4-4FBC-A6C4-7324928B644D}.Debug|Win32.ActiveCfg = Debug|Xbox 360
		{1ABEFDC0-E5C4-4FBC-A6C4-7324928B644D}.Debug|x64.ActiveCfg = Debug|Xbox 360
		{1ABEFDC0-E5C4-4FBC-A6C4-7324928B644D}.Debug|Xbox 360.ActiveCfg = Debug|Xbox 360
		{1ABEFDC0-E5C4-4FBC-A6C4-7324928B644D}.Debug|Xbox 360.Build.0 = Debug|Xbox 360
		{1ABEFDC0-E5C4-4FBC-A6C4-7324928B644D}.Profile_FastCap|Win32.ActiveCfg = Profile_FastCap|Xbox 360
		{1ABEFDC0-E5C4-4FBC-A6C4-7324928B644D}.Profile_FastCap|x64.ActiveCfg = Profile_FastCap|Xbox 360
		{1ABEFDC0-E5C4-4FBC-A6C4-7324928B644D}.Profile_FastCap|Xbox 360.ActiveCfg = Profile_FastCap|Xbox 360
		{1ABEFDC0-E5C4-4FBC-A6C4-7324928B644D}.Profile_FastCap|Xbox 360.Build.0 = Profile_FastCap|Xbox 360
		{1ABEFDC0-E5C4-4FBC-A6C4-7324928B644D}.Profile|Win32.ActiveCfg = Profile|Xbox 360
		{1ABEFDC0-E5C4-4FBC-A6C4-7324928B644D}.Profile|x64.ActiveCfg = Profile|Xbox 360
		{1ABEFDC0-E5C4-4FBC-A6C4-7324928B644D}.Profile|Xbox 360.ActiveCfg = Profile|Xbox 360
		{1ABEFDC0-E5C4-4FBC-A6C4-7324928B644D}.Profile|Xbox 360.Build.0 = Profile|Xbox 360
		{1ABEFDC0-E5C4-4FBC-A6C4-7324928B644D}.Release TA|Win32.ActiveCfg = Release_LTCG|Xbox 360
		{1ABEFDC0-E5C4-4FBC-A6C4-7324928B644D}.Release TA|x64.ActiveCfg = Release_LTCG|Xbox 360
		{1ABEFDC0-E5C4-4FBC-A6C4-7324928B644D}.Release TA|Xbox 360.ActiveCfg = Release_LTCG|Xbox 360
		{1ABEFDC0-E5C4-4FBC-A6C4-7324928B644D}.Release TA|Xbox 360.Build.0 = Release_LTCG|Xbox 360
		{1ABEFDC0-E5C4-4FBC-A6C4-7324928B644D}.Release_LTCG|Win32.ActiveCfg = Release_LTCG|Xbox 360
		{1ABEFDC0-E5C4-4FBC-A6C4-7324928B644D}.Release_LTCG|x64.ActiveCfg = Release_LTCG|Xbox 360
		{1ABEFDC0-E5C4-4FBC-A6C4-7324928B644D}.Release_LTCG|Xbox 360.ActiveCfg = Release_LTCG|Xbox 360
		{1ABEFDC0-E5C4-4FBC-A6C4-7324928B644D}.Release_LTCG|Xbox 360.Build.0 = Release_LTCG|Xbox 360
		{1ABEFDC0-E5C4-4FBC-A6C4-7324928B644D}.Release|Win32.ActiveCfg = Release|Xbox 360
		{1ABEFDC0-E5C4-4FBC-A6C4-7324928B644D}.Release|x64.ActiveCfg = Release|Xbox 360
		{1ABEFDC0-E5C4-4FBC-A6C4-7324928B644D}.Release|Xbox 360.ActiveCfg = Release|Xbox 360
		{1ABEFDC0-E5C4-4FBC-A6C4-7324928B644D}.Release|Xbox 360.Build.0 = Release|Xbox 360
		{4FE629C7-0E4A-48E3-9404-95424BC21189}.CodeAnalysis|Win32.ActiveCfg = CodeAnalysis|Xbox 360
		{4FE629C7-0E4A-48E3-9404-95424BC21189}.CodeAnalysis|x64.ActiveCfg = CodeAnalysis|Xbox 360
		{4FE629C7-0E4A-48E3-9404-95424BC21189}.CodeAnalysis|Xbox 360.ActiveCfg = CodeAnalysis|Xbox 360
		{4FE629C7-0E4A-48E3-9404-95424BC21189}.CodeAnalysis|Xbox 360.Build.0 = CodeAnalysis|Xbox 360
		{4FE629C7-0E4A-48E3-9404-95424BC21189}.Debug TA|Win32.ActiveCfg = Debug|Xbox 360
		{4FE629C7-0E4A-48E3-9404-95424BC21189}.Debug TA|x64.ActiveCfg = Debug|Xbox 360
		{4FE629C7-0E4A-48E3-9404-95424BC21189}.Debug TA|Xbox 360.ActiveCfg = Debug|Xbox 360
		{4FE629C7-0E4A-48E3-9404-95424BC21189}.Debug TA|Xbox 360.Build.0 = Debug|Xbox 360
		{4FE629C7-0E4A-48E3-9404-95424BC21189}.Debug XB|Win32.ActiveCfg = Debug|Xbox 360
		{4FE629C7-0E4A-48E3-9404-95424BC21189}.Debug XB|x64.ActiveCfg = Debug|Xbox 360
		{4FE629C7-0E4A-48E3-9404-95424BC21189}.Debug XB|Xbox 360.ActiveCfg = Debug|Xbox 360
		{4FE629C7-0E4A-48E3-9404-95424BC21189}.Debug XB|Xbox 360.Build.0 = Debug|Xbox 360
		{4FE629C7-0E4A-48E3-9404-95424BC21189}.Debug|Win32.ActiveCfg = Debug|Xbox 360
		{4FE629C7-0E4A-48E3-9404-95424BC21189}.Debug|x64.ActiveCfg = Debug|Xbox 360
		{4FE629C7-0E4A-48E3-9404-95424BC21189}.Debug|Xbox 360.ActiveCfg = Debug|Xbox 360
		{4FE629C7-0E4A-48E3-9404-95424BC21189}.Debug|Xbox 360.Build.0 = Debug|Xbox 360
		{4FE629C7-0E4A-48E3-9404-95424BC21189}.Profile_FastCap|Win32.ActiveCfg = Profile_FastCap|Xbox 360
		{4FE629C7-0E4A-48E3-9404-95424BC21189}.Profile_FastCap|x64.ActiveCfg = Profile_FastCap|Xbox 360
		{4FE629C7-0E4A-48E3-9404-95424BC21189}.Profile_FastCap|Xbox 360.ActiveCfg = Profile_FastCap|Xbox 360
		{4FE629C7-0E4A-48E3-9404-95424BC21189}.Profile_FastCap|Xbox 360.Build.0 = Profile_FastCap|Xbox 360
		{4FE629C7-0E4A-48E3-9404-95424BC21189}.Profile|Win32.ActiveCfg = Profile|Xbox 360
		{4FE629C7-0E4A-48E3-9404-95424BC21189}.Profile|x64.ActiveCfg = Profile|Xbox 360
		{4FE629C7-0E4A-48E3-9404-95424BC21189}.Profile|Xbox 360.ActiveCfg = Profile|Xbox 360
		{4FE629C7-0E4A-48E3-9404-95424BC21189}.Profile|Xbox 360.Build.0 = Profile|Xbox 360
		{4FE629C7-0E4A-48E3-9404-95424BC21189}.Release TA|Win32.ActiveCfg = Release_LTCG|Xbox 360
		{4FE629C7-0E4A-48E3-9404-95424BC21189}.Release TA|x64.ActiveCfg = Release_LTCG|Xbox 360
		{4FE629C7-0E4A-48E3-9404-95424BC21189}.Release TA|Xbox 360.ActiveCfg = Release_LTCG|Xbox 360
		{4FE629C7-0E4A-48E3-9404-95424BC21189}.Release TA|Xbox 360.Build.0 = Release_LTCG|Xbox 360
		{4FE629C7-0E4A-48E3-9404-95424BC21189}.Release_LTCG|Win32.ActiveCfg = Release_LTCG|Xbox 360
		{4FE629C7-0E4A-48E3-9404-95424BC21189}.Release_LTCG|x64.ActiveCfg = Release_LTCG|Xbox 360
		{4FE629C7-0E4A-48E3-9404-95424BC21189}.Release_LTCG|Xbox 360.ActiveCfg = Release_LTCG|Xbox 360
		{4FE629C7-0E4A-48E3-9404-95424BC21189}.Release_LTCG|Xbox 360.Build.0 = Release_LTCG|Xbox 360
		{4FE629C7-0E4A-48E3-9404-95424BC21189}.Release|Win32.ActiveCfg = Release|Xbox 360
		{4FE629C7-0E4A-48E3-9404-95424BC21189}.Release|x64.ActiveCfg = Release|Xbox 360
		{4FE629C7-0E4A-48E3-9404-95424BC21189}.Release|Xbox 360.ActiveCfg = Release|Xbox 360
		{4FE629C7-0E4A-48E3-9404-95424BC21189}.Release|Xbox 360.Build.0 = Release|Xbox 360
	EndGlobalSection
	GlobalSection(SolutionProperties) = preSolution
		HideSolutionNode = FALSE
	EndGlobalSection
EndGlobal
