<?xml version="1.0" encoding="utf-8"?>
<Project ToolsVersion="4.0" xmlns="http://schemas.microsoft.com/developer/msbuild/2003">
  <ItemGroup>
    <Filter Include="botlib">
      <UniqueIdentifier>{31cc1f9e-dafd-4633-a0e2-7385a707b242}</UniqueIdentifier>
    </Filter>
    <Filter Include="botlib\Source Files">
      <UniqueIdentifier>{0e91bd98-fc58-4d72-87c8-4c57c71cc51e}</UniqueIdentifier>
    </Filter>
    <Filter Include="botlib\Header Files">
      <UniqueIdentifier>{f8fc23cf-02c7-4fad-94b3-14a912fd653c}</UniqueIdentifier>
    </Filter>
    <Filter Include="zlib">
      <UniqueIdentifier>{4eb19881-c957-4da7-b5dd-4f7a2305c9d9}</UniqueIdentifier>
    </Filter>
    <Filter Include="jpeg">
      <UniqueIdentifier>{d93d8645-d1ad-4a66-a280-4078aa52a48a}</UniqueIdentifier>
    </Filter>
    <Filter Include="jpeg\Source Files">
      <UniqueIdentifier>{d74b46ba-2127-4dc6-a036-af337a9c0a2c}</UniqueIdentifier>
    </Filter>
    <Filter Include="jpeg\Header Files">
      <UniqueIdentifier>{e0902c02-3f9b-4150-ab02-6d64478509f8}</UniqueIdentifier>
    </Filter>
    <Filter Include="Source Files">
      <UniqueIdentifier>{ee726b12-3f5e-42b0-81f4-59a2e6b0e5dd}</UniqueIdentifier>
    </Filter>
    <Filter Include="renderer">
      <UniqueIdentifier>{f6bb99f0-a92e-4919-bb15-f503127c86a0}</UniqueIdentifier>
    </Filter>
    <Filter Include="renderer\Source Files">
      <UniqueIdentifier>{5f9b0318-6ef7-4ef3-bda8-6aa72bbae369}</UniqueIdentifier>
    </Filter>
    <Filter Include="sdl_audio">
      <UniqueIdentifier>{6b31f34d-a69f-4479-89d2-305e2a53001d}</UniqueIdentifier>
    </Filter>
  </ItemGroup>
  <ItemGroup>
    <ClCompile Include="..\..\code\botlib\be_aas_bspq3.c">
      <Filter>botlib\Source Files</Filter>
    </ClCompile>
    <ClCompile Include="..\..\code\botlib\be_aas_cluster.c">
      <Filter>botlib\Source Files</Filter>
    </ClCompile>
    <ClCompile Include="..\..\code\botlib\be_aas_debug.c">
      <Filter>botlib\Source Files</Filter>
    </ClCompile>
    <ClCompile Include="..\..\code\botlib\be_aas_entity.c">
      <Filter>botlib\Source Files</Filter>
    </ClCompile>
    <ClCompile Include="..\..\code\botlib\be_aas_file.c">
      <Filter>botlib\Source Files</Filter>
    </ClCompile>
    <ClCompile Include="..\..\code\botlib\be_aas_main.c">
      <Filter>botlib\Source Files</Filter>
    </ClCompile>
    <ClCompile Include="..\..\code\botlib\be_aas_move.c">
      <Filter>botlib\Source Files</Filter>
    </ClCompile>
    <ClCompile Include="..\..\code\botlib\be_aas_optimize.c">
      <Filter>botlib\Source Files</Filter>
    </ClCompile>
    <ClCompile Include="..\..\code\botlib\be_aas_reach.c">
      <Filter>botlib\Source Files</Filter>
    </ClCompile>
    <ClCompile Include="..\..\code\botlib\be_aas_route.c">
      <Filter>botlib\Source Files</Filter>
    </ClCompile>
    <ClCompile Include="..\..\code\botlib\be_aas_routealt.c">
      <Filter>botlib\Source Files</Filter>
    </ClCompile>
    <ClCompile Include="..\..\code\botlib\be_aas_sample.c">
      <Filter>botlib\Source Files</Filter>
    </ClCompile>
    <ClCompile Include="..\..\code\botlib\be_ai_char.c">
      <Filter>botlib\Source Files</Filter>
    </ClCompile>
    <ClCompile Include="..\..\code\botlib\be_ai_chat.c">
      <Filter>botlib\Source Files</Filter>
    </ClCompile>
    <ClCompile Include="..\..\code\botlib\be_ai_gen.c">
      <Filter>botlib\Source Files</Filter>
    </ClCompile>
    <ClCompile Include="..\..\code\botlib\be_ai_goal.c">
      <Filter>botlib\Source Files</Filter>
    </ClCompile>
    <ClCompile Include="..\..\code\botlib\be_ai_move.c">
      <Filter>botlib\Source Files</Filter>
    </ClCompile>
    <ClCompile Include="..\..\code\botlib\be_ai_weap.c">
      <Filter>botlib\Source Files</Filter>
    </ClCompile>
    <ClCompile Include="..\..\code\botlib\be_ai_weight.c">
      <Filter>botlib\Source Files</Filter>
    </ClCompile>
    <ClCompile Include="..\..\code\botlib\be_ea.c">
      <Filter>botlib\Source Files</Filter>
    </ClCompile>
    <ClCompile Include="..\..\code\botlib\be_interface.c">
      <Filter>botlib\Source Files</Filter>
    </ClCompile>
    <ClCompile Include="..\..\code\botlib\l_crc.c">
      <Filter>botlib\Source Files</Filter>
    </ClCompile>
    <ClCompile Include="..\..\code\botlib\l_libvar.c">
      <Filter>botlib\Source Files</Filter>
    </ClCompile>
    <ClCompile Include="..\..\code\botlib\l_log.c">
      <Filter>botlib\Source Files</Filter>
    </ClCompile>
    <ClCompile Include="..\..\code\botlib\l_memory.c">
      <Filter>botlib\Source Files</Filter>
    </ClCompile>
    <ClCompile Include="..\..\code\botlib\l_precomp.c">
      <Filter>botlib\Source Files</Filter>
    </ClCompile>
    <ClCompile Include="..\..\code\botlib\l_script.c">
      <Filter>botlib\Source Files</Filter>
    </ClCompile>
    <ClCompile Include="..\..\code\botlib\l_struct.c">
      <Filter>botlib\Source Files</Filter>
    </ClCompile>
    <ClCompile Include="..\..\code\zlib\adler32.c">
      <Filter>zlib</Filter>
    </ClCompile>
    <ClCompile Include="..\..\code\zlib\crc32.c">
      <Filter>zlib</Filter>
    </ClCompile>
    <ClCompile Include="..\..\code\zlib\inffast.c">
      <Filter>zlib</Filter>
    </ClCompile>
    <ClCompile Include="..\..\code\zlib\inflate.c">
      <Filter>zlib</Filter>
    </ClCompile>
    <ClCompile Include="..\..\code\zlib\inftrees.c">
      <Filter>zlib</Filter>
    </ClCompile>
    <ClCompile Include="..\..\code\zlib\zutil.c">
      <Filter>zlib</Filter>
    </ClCompile>
    <ClCompile Include="..\..\code\jpeg-8c\jaricom.c">
      <Filter>jpeg\Source Files</Filter>
    </ClCompile>
    <ClCompile Include="..\..\code\jpeg-8c\jcapimin.c">
      <Filter>jpeg\Source Files</Filter>
    </ClCompile>
    <ClCompile Include="..\..\code\jpeg-8c\jcapistd.c">
      <Filter>jpeg\Source Files</Filter>
    </ClCompile>
    <ClCompile Include="..\..\code\jpeg-8c\jcarith.c">
      <Filter>jpeg\Source Files</Filter>
    </ClCompile>
    <ClCompile Include="..\..\code\jpeg-8c\jccoefct.c">
      <Filter>jpeg\Source Files</Filter>
    </ClCompile>
    <ClCompile Include="..\..\code\jpeg-8c\jccolor.c">
      <Filter>jpeg\Source Files</Filter>
    </ClCompile>
    <ClCompile Include="..\..\code\jpeg-8c\jcdctmgr.c">
      <Filter>jpeg\Source Files</Filter>
    </ClCompile>
    <ClCompile Include="..\..\code\jpeg-8c\jchuff.c">
      <Filter>jpeg\Source Files</Filter>
    </ClCompile>
    <ClCompile Include="..\..\code\jpeg-8c\jcinit.c">
      <Filter>jpeg\Source Files</Filter>
    </ClCompile>
    <ClCompile Include="..\..\code\jpeg-8c\jcmainct.c">
      <Filter>jpeg\Source Files</Filter>
    </ClCompile>
    <ClCompile Include="..\..\code\jpeg-8c\jcmarker.c">
      <Filter>jpeg\Source Files</Filter>
    </ClCompile>
    <ClCompile Include="..\..\code\jpeg-8c\jcmaster.c">
      <Filter>jpeg\Source Files</Filter>
    </ClCompile>
    <ClCompile Include="..\..\code\jpeg-8c\jcomapi.c">
      <Filter>jpeg\Source Files</Filter>
    </ClCompile>
    <ClCompile Include="..\..\code\jpeg-8c\jcparam.c">
      <Filter>jpeg\Source Files</Filter>
    </ClCompile>
    <ClCompile Include="..\..\code\jpeg-8c\jcprepct.c">
      <Filter>jpeg\Source Files</Filter>
    </ClCompile>
    <ClCompile Include="..\..\code\jpeg-8c\jcsample.c">
      <Filter>jpeg\Source Files</Filter>
    </ClCompile>
    <ClCompile Include="..\..\code\jpeg-8c\jctrans.c">
      <Filter>jpeg\Source Files</Filter>
    </ClCompile>
    <ClCompile Include="..\..\code\jpeg-8c\jdapimin.c">
      <Filter>jpeg\Source Files</Filter>
    </ClCompile>
    <ClCompile Include="..\..\code\jpeg-8c\jdapistd.c">
      <Filter>jpeg\Source Files</Filter>
    </ClCompile>
    <ClCompile Include="..\..\code\jpeg-8c\jdarith.c">
      <Filter>jpeg\Source Files</Filter>
    </ClCompile>
    <ClCompile Include="..\..\code\jpeg-8c\jdatadst.c">
      <Filter>jpeg\Source Files</Filter>
    </ClCompile>
    <ClCompile Include="..\..\code\jpeg-8c\jdatasrc.c">
      <Filter>jpeg\Source Files</Filter>
    </ClCompile>
    <ClCompile Include="..\..\code\jpeg-8c\jdcoefct.c">
      <Filter>jpeg\Source Files</Filter>
    </ClCompile>
    <ClCompile Include="..\..\code\jpeg-8c\jdcolor.c">
      <Filter>jpeg\Source Files</Filter>
    </ClCompile>
    <ClCompile Include="..\..\code\jpeg-8c\jddctmgr.c">
      <Filter>jpeg\Source Files</Filter>
    </ClCompile>
    <ClCompile Include="..\..\code\jpeg-8c\jdhuff.c">
      <Filter>jpeg\Source Files</Filter>
    </ClCompile>
    <ClCompile Include="..\..\code\jpeg-8c\jdinput.c">
      <Filter>jpeg\Source Files</Filter>
    </ClCompile>
    <ClCompile Include="..\..\code\jpeg-8c\jdmainct.c">
      <Filter>jpeg\Source Files</Filter>
    </ClCompile>
    <ClCompile Include="..\..\code\jpeg-8c\jdmarker.c">
      <Filter>jpeg\Source Files</Filter>
    </ClCompile>
    <ClCompile Include="..\..\code\jpeg-8c\jdmaster.c">
      <Filter>jpeg\Source Files</Filter>
    </ClCompile>
    <ClCompile Include="..\..\code\jpeg-8c\jdmerge.c">
      <Filter>jpeg\Source Files</Filter>
    </ClCompile>
    <ClCompile Include="..\..\code\jpeg-8c\jdpostct.c">
      <Filter>jpeg\Source Files</Filter>
    </ClCompile>
    <ClCompile Include="..\..\code\jpeg-8c\jdsample.c">
      <Filter>jpeg\Source Files</Filter>
    </ClCompile>
    <ClCompile Include="..\..\code\jpeg-8c\jdtrans.c">
      <Filter>jpeg\Source Files</Filter>
    </ClCompile>
    <ClCompile Include="..\..\code\jpeg-8c\jerror.c">
      <Filter>jpeg\Source Files</Filter>
    </ClCompile>
    <ClCompile Include="..\..\code\jpeg-8c\jfdctflt.c">
      <Filter>jpeg\Source Files</Filter>
    </ClCompile>
    <ClCompile Include="..\..\code\jpeg-8c\jfdctfst.c">
      <Filter>jpeg\Source Files</Filter>
    </ClCompile>
    <ClCompile Include="..\..\code\jpeg-8c\jfdctint.c">
      <Filter>jpeg\Source Files</Filter>
    </ClCompile>
    <ClCompile Include="..\..\code\jpeg-8c\jidctflt.c">
      <Filter>jpeg\Source Files</Filter>
    </ClCompile>
    <ClCompile Include="..\..\code\jpeg-8c\jidctfst.c">
      <Filter>jpeg\Source Files</Filter>
    </ClCompile>
    <ClCompile Include="..\..\code\jpeg-8c\jidctint.c">
      <Filter>jpeg\Source Files</Filter>
    </ClCompile>
    <ClCompile Include="..\..\code\jpeg-8c\jmemmgr.c">
      <Filter>jpeg\Source Files</Filter>
    </ClCompile>
    <ClCompile Include="..\..\code\jpeg-8c\jmemnobs.c">
      <Filter>jpeg\Source Files</Filter>
    </ClCompile>
    <ClCompile Include="..\..\code\jpeg-8c\jquant1.c">
      <Filter>jpeg\Source Files</Filter>
    </ClCompile>
    <ClCompile Include="..\..\code\jpeg-8c\jquant2.c">
      <Filter>jpeg\Source Files</Filter>
    </ClCompile>
    <ClCompile Include="..\..\code\jpeg-8c\jutils.c">
      <Filter>jpeg\Source Files</Filter>
    </ClCompile>
    <ClCompile Include="..\..\code\client\cl_avi.c">
      <Filter>Source Files</Filter>
    </ClCompile>
    <ClCompile Include="..\..\code\client\cl_cgame.c">
      <Filter>Source Files</Filter>
    </ClCompile>
    <ClCompile Include="..\..\code\client\cl_cin.c">
      <Filter>Source Files</Filter>
    </ClCompile>
    <ClCompile Include="..\..\code\client\cl_console.c">
      <Filter>Source Files</Filter>
    </ClCompile>
    <ClCompile Include="..\..\code\client\cl_curl.c">
      <Filter>Source Files</Filter>
    </ClCompile>
    <ClCompile Include="..\..\code\client\cl_input.c">
      <Filter>Source Files</Filter>
    </ClCompile>
    <ClCompile Include="..\..\code\client\cl_keys.c">
      <Filter>Source Files</Filter>
    </ClCompile>
    <ClCompile Include="..\..\code\client\cl_main.c">
      <Filter>Source Files</Filter>
    </ClCompile>
    <ClCompile Include="..\..\code\client\cl_net_chan.c">
      <Filter>Source Files</Filter>
    </ClCompile>
    <ClCompile Include="..\..\code\client\cl_parse.c">
      <Filter>Source Files</Filter>
    </ClCompile>
    <ClCompile Include="..\..\code\client\cl_scrn.c">
      <Filter>Source Files</Filter>
    </ClCompile>
    <ClCompile Include="..\..\code\client\cl_ui.c">
      <Filter>Source Files</Filter>
    </ClCompile>
    <ClCompile Include="..\..\code\qcommon\cm_load.c">
      <Filter>Source Files</Filter>
    </ClCompile>
    <ClCompile Include="..\..\code\qcommon\cm_patch.c">
      <Filter>Source Files</Filter>
    </ClCompile>
    <ClCompile Include="..\..\code\qcommon\cm_polylib.c">
      <Filter>Source Files</Filter>
    </ClCompile>
    <ClCompile Include="..\..\code\qcommon\cm_test.c">
      <Filter>Source Files</Filter>
    </ClCompile>
    <ClCompile Include="..\..\code\qcommon\cm_trace.c">
      <Filter>Source Files</Filter>
    </ClCompile>
    <ClCompile Include="..\..\code\qcommon\cmd.c">
      <Filter>Source Files</Filter>
    </ClCompile>
    <ClCompile Include="..\..\code\qcommon\common.c">
      <Filter>Source Files</Filter>
    </ClCompile>
    <ClCompile Include="..\..\code\sys\con_log.c">
      <Filter>Source Files</Filter>
    </ClCompile>
    <ClCompile Include="..\..\code\sys\con_passive.c">
      <Filter>Source Files</Filter>
    </ClCompile>
    <ClCompile Include="..\..\code\qcommon\cvar.c">
      <Filter>Source Files</Filter>
    </ClCompile>
    <ClCompile Include="..\..\code\qcommon\files.c">
      <Filter>Source Files</Filter>
    </ClCompile>
    <ClCompile Include="..\..\code\qcommon\huffman.c">
      <Filter>Source Files</Filter>
    </ClCompile>
    <ClCompile Include="..\..\code\qcommon\ioapi.c">
      <Filter>Source Files</Filter>
    </ClCompile>
    <ClCompile Include="..\..\code\qcommon\md4.c">
      <Filter>Source Files</Filter>
    </ClCompile>
    <ClCompile Include="..\..\code\qcommon\md5.c">
      <Filter>Source Files</Filter>
    </ClCompile>
    <ClCompile Include="..\..\code\qcommon\msg.c">
      <Filter>Source Files</Filter>
    </ClCompile>
    <ClCompile Include="..\..\code\qcommon\net_chan.c">
      <Filter>Source Files</Filter>
    </ClCompile>
    <ClCompile Include="..\..\code\qcommon\net_ip.c">
      <Filter>Source Files</Filter>
    </ClCompile>
    <ClCompile Include="..\..\code\qcommon\puff.c">
      <Filter>Source Files</Filter>
    </ClCompile>
    <ClCompile Include="..\..\code\qcommon\q_math.c">
      <Filter>Source Files</Filter>
    </ClCompile>
    <ClCompile Include="..\..\code\qcommon\q_shared.c">
      <Filter>Source Files</Filter>
    </ClCompile>
    <ClCompile Include="..\..\code\client\qal.c">
      <Filter>Source Files</Filter>
    </ClCompile>
    <ClCompile Include="..\..\code\client\snd_adpcm.c">
      <Filter>Source Files</Filter>
    </ClCompile>
    <ClCompile Include="..\..\code\client\snd_codec.c">
      <Filter>Source Files</Filter>
    </ClCompile>
    <ClCompile Include="..\..\code\client\snd_codec_ogg.c">
      <Filter>Source Files</Filter>
    </ClCompile>
    <ClCompile Include="..\..\code\client\snd_codec_wav.c">
      <Filter>Source Files</Filter>
    </ClCompile>
    <ClCompile Include="..\..\code\client\snd_dma.c">
      <Filter>Source Files</Filter>
    </ClCompile>
    <ClCompile Include="..\..\code\client\snd_main.c">
      <Filter>Source Files</Filter>
    </ClCompile>
    <ClCompile Include="..\..\code\client\snd_mem.c">
      <Filter>Source Files</Filter>
    </ClCompile>
    <ClCompile Include="..\..\code\client\snd_mix.c">
      <Filter>Source Files</Filter>
    </ClCompile>
    <ClCompile Include="..\..\code\client\snd_openal.c">
      <Filter>Source Files</Filter>
    </ClCompile>
    <ClCompile Include="..\..\code\client\snd_wavelet.c">
      <Filter>Source Files</Filter>
    </ClCompile>
    <ClCompile Include="..\..\code\server\sv_bot.c">
      <Filter>Source Files</Filter>
    </ClCompile>
    <ClCompile Include="..\..\code\server\sv_ccmds.c">
      <Filter>Source Files</Filter>
    </ClCompile>
    <ClCompile Include="..\..\code\server\sv_client.c">
      <Filter>Source Files</Filter>
    </ClCompile>
    <ClCompile Include="..\..\code\server\sv_game.c">
      <Filter>Source Files</Filter>
    </ClCompile>
    <ClCompile Include="..\..\code\server\sv_init.c">
      <Filter>Source Files</Filter>
    </ClCompile>
    <ClCompile Include="..\..\code\server\sv_main.c">
      <Filter>Source Files</Filter>
    </ClCompile>
    <ClCompile Include="..\..\code\server\sv_net_chan.c">
      <Filter>Source Files</Filter>
    </ClCompile>
    <ClCompile Include="..\..\code\server\sv_snapshot.c">
      <Filter>Source Files</Filter>
    </ClCompile>
    <ClCompile Include="..\..\code\server\sv_world.c">
      <Filter>Source Files</Filter>
    </ClCompile>
    <ClCompile Include="..\..\code\sys\platform_360.c">
      <Filter>Source Files</Filter>
    </ClCompile>
    <ClCompile Include="..\..\code\sys\sys_360.c">
      <Filter>Source Files</Filter>
    </ClCompile>
    <ClCompile Include="..\..\code\sys\sys_main.c">
      <Filter>Source Files</Filter>
    </ClCompile>
    <ClCompile Include="..\..\code\qcommon\unzip.c">
      <Filter>Source Files</Filter>
    </ClCompile>
    <ClCompile Include="..\..\code\qcommon\vm.c">
      <Filter>Source Files</Filter>
    </ClCompile>
    <ClCompile Include="..\..\code\qcommon\vm_interpreted.c">
      <Filter>Source Files</Filter>
    </ClCompile>
    <ClCompile Include="..\..\code\renderer\tr_animation.c">
      <Filter>renderer\Source Files</Filter>
    </ClCompile>
    <ClCompile Include="..\..\code\renderer\tr_backend.c">
      <Filter>renderer\Source Files</Filter>
    </ClCompile>
    <ClCompile Include="..\..\code\renderer\tr_bsp.c">
      <Filter>renderer\Source Files</Filter>
    </ClCompile>
    <ClCompile Include="..\..\code\renderer\tr_cmds.c">
      <Filter>renderer\Source Files</Filter>
    </ClCompile>
    <ClCompile Include="..\..\code\renderer\tr_curve.c">
      <Filter>renderer\Source Files</Filter>
    </ClCompile>
    <ClCompile Include="..\..\code\renderer\tr_flares.c">
      <Filter>renderer\Source Files</Filter>
    </ClCompile>
    <ClCompile Include="..\..\code\renderer\tr_font.c">
      <Filter>renderer\Source Files</Filter>
    </ClCompile>
    <ClCompile Include="..\..\code\renderer\tr_image.c">
      <Filter>renderer\Source Files</Filter>
    </ClCompile>
    <ClCompile Include="..\..\code\renderer\tr_image_bmp.c">
      <Filter>renderer\Source Files</Filter>
    </ClCompile>
    <ClCompile Include="..\..\code\renderer\tr_image_jpg.c">
      <Filter>renderer\Source Files</Filter>
    </ClCompile>
    <ClCompile Include="..\..\code\renderer\tr_image_pcx.c">
      <Filter>renderer\Source Files</Filter>
    </ClCompile>
    <ClCompile Include="..\..\code\renderer\tr_image_png.c">
      <Filter>renderer\Source Files</Filter>
    </ClCompile>
    <ClCompile Include="..\..\code\renderer\tr_image_tga.c">
      <Filter>renderer\Source Files</Filter>
    </ClCompile>
    <ClCompile Include="..\..\code\renderer\tr_init.c">
      <Filter>renderer\Source Files</Filter>
    </ClCompile>
    <ClCompile Include="..\..\code\renderer\tr_light.c">
      <Filter>renderer\Source Files</Filter>
    </ClCompile>
    <ClCompile Include="..\..\code\renderer\tr_main.c">
      <Filter>renderer\Source Files</Filter>
    </ClCompile>
    <ClCompile Include="..\..\code\renderer\tr_marks.c">
      <Filter>renderer\Source Files</Filter>
    </ClCompile>
    <ClCompile Include="..\..\code\renderer\tr_mesh.c">
      <Filter>renderer\Source Files</Filter>
    </ClCompile>
    <ClCompile Include="..\..\code\renderer\tr_model.c">
      <Filter>renderer\Source Files</Filter>
    </ClCompile>
    <ClCompile Include="..\..\code\renderer\tr_model_iqm.c">
      <Filter>renderer\Source Files</Filter>
    </ClCompile>
    <ClCompile Include="..\..\code\renderer\tr_noise.c">
      <Filter>renderer\Source Files</Filter>
    </ClCompile>
    <ClCompile Include="..\..\code\renderer\tr_scene.c">
      <Filter>renderer\Source Files</Filter>
    </ClCompile>
    <ClCompile Include="..\..\code\renderer\tr_shade.c">
      <Filter>renderer\Source Files</Filter>
    </ClCompile>
    <ClCompile Include="..\..\code\renderer\tr_shade_calc.c">
      <Filter>renderer\Source Files</Filter>
    </ClCompile>
    <ClCompile Include="..\..\code\renderer\tr_shader.c">
      <Filter>renderer\Source Files</Filter>
    </ClCompile>
    <ClCompile Include="..\..\code\renderer\tr_shadows.c">
      <Filter>renderer\Source Files</Filter>
    </ClCompile>
    <ClCompile Include="..\..\code\renderer\tr_sky.c">
      <Filter>renderer\Source Files</Filter>
    </ClCompile>
    <ClCompile Include="..\..\code\renderer\tr_surface.c">
      <Filter>renderer\Source Files</Filter>
    </ClCompile>
    <ClCompile Include="..\..\code\renderer\tr_world.c">
      <Filter>renderer\Source Files</Filter>
    </ClCompile>
    <ClCompile Include="..\..\code\sys\xaudio2_sound.cpp">
      <Filter>Source Files</Filter>
    </ClCompile>
    <ClCompile Include="..\..\code\lsdl\SDL_audio.c">
      <Filter>sdl_audio</Filter>
    </ClCompile>
    <ClCompile Include="..\..\code\lsdl\SDL_audiodev.c">
      <Filter>sdl_audio</Filter>
    </ClCompile>
    <ClCompile Include="..\..\code\lsdl\SDL_xaudio2.c">
      <Filter>sdl_audio</Filter>
    </ClCompile>
    <ClCompile Include="..\..\code\lsdl\sdl_snd.c">
      <Filter>sdl_audio</Filter>
    </ClCompile>
  </ItemGroup>
  <ItemGroup>
    <ClInclude Include="..\..\code\botlib\aasfile.h">
      <Filter>botlib\Header Files</Filter>
    </ClInclude>
    <ClInclude Include="..\..\code\botlib\be_aas_bsp.h">
      <Filter>botlib\Header Files</Filter>
    </ClInclude>
    <ClInclude Include="..\..\code\botlib\be_aas_cluster.h">
      <Filter>botlib\Header Files</Filter>
    </ClInclude>
    <ClInclude Include="..\..\code\botlib\be_aas_debug.h">
      <Filter>botlib\Header Files</Filter>
    </ClInclude>
    <ClInclude Include="..\..\code\botlib\be_aas_def.h">
      <Filter>botlib\Header Files</Filter>
    </ClInclude>
    <ClInclude Include="..\..\code\botlib\be_aas_entity.h">
      <Filter>botlib\Header Files</Filter>
    </ClInclude>
    <ClInclude Include="..\..\code\botlib\be_aas_file.h">
      <Filter>botlib\Header Files</Filter>
    </ClInclude>
    <ClInclude Include="..\..\code\botlib\be_aas_funcs.h">
      <Filter>botlib\Header Files</Filter>
    </ClInclude>
    <ClInclude Include="..\..\code\botlib\be_aas_main.h">
      <Filter>botlib\Header Files</Filter>
    </ClInclude>
    <ClInclude Include="..\..\code\botlib\be_aas_move.h">
      <Filter>botlib\Header Files</Filter>
    </ClInclude>
    <ClInclude Include="..\..\code\botlib\be_aas_optimize.h">
      <Filter>botlib\Header Files</Filter>
    </ClInclude>
    <ClInclude Include="..\..\code\botlib\be_aas_reach.h">
      <Filter>botlib\Header Files</Filter>
    </ClInclude>
    <ClInclude Include="..\..\code\botlib\be_aas_route.h">
      <Filter>botlib\Header Files</Filter>
    </ClInclude>
    <ClInclude Include="..\..\code\botlib\be_aas_routealt.h">
      <Filter>botlib\Header Files</Filter>
    </ClInclude>
    <ClInclude Include="..\..\code\botlib\be_aas_sample.h">
      <Filter>botlib\Header Files</Filter>
    </ClInclude>
    <ClInclude Include="..\..\code\botlib\be_ai_weight.h">
      <Filter>botlib\Header Files</Filter>
    </ClInclude>
    <ClInclude Include="..\..\code\botlib\be_interface.h">
      <Filter>botlib\Header Files</Filter>
    </ClInclude>
    <ClInclude Include="..\..\code\botlib\l_crc.h">
      <Filter>botlib\Header Files</Filter>
    </ClInclude>
    <ClInclude Include="..\..\code\botlib\l_libvar.h">
      <Filter>botlib\Header Files</Filter>
    </ClInclude>
    <ClInclude Include="..\..\code\botlib\l_log.h">
      <Filter>botlib\Header Files</Filter>
    </ClInclude>
    <ClInclude Include="..\..\code\botlib\l_memory.h">
      <Filter>botlib\Header Files</Filter>
    </ClInclude>
    <ClInclude Include="..\..\code\botlib\l_precomp.h">
      <Filter>botlib\Header Files</Filter>
    </ClInclude>
    <ClInclude Include="..\..\code\botlib\l_script.h">
      <Filter>botlib\Header Files</Filter>
    </ClInclude>
    <ClInclude Include="..\..\code\botlib\l_struct.h">
      <Filter>botlib\Header Files</Filter>
    </ClInclude>
    <ClInclude Include="..\..\code\botlib\l_utils.h">
      <Filter>botlib\Header Files</Filter>
    </ClInclude>
    <ClInclude Include="..\..\code\jpeg-6b\jchuff.h">
      <Filter>jpeg\Header Files</Filter>
    </ClInclude>
    <ClInclude Include="..\..\code\jpeg-6b\jconfig.h">
      <Filter>jpeg\Header Files</Filter>
    </ClInclude>
    <ClInclude Include="..\..\code\jpeg-6b\jdct.h">
      <Filter>jpeg\Header Files</Filter>
    </ClInclude>
    <ClInclude Include="..\..\code\jpeg-6b\jdhuff.h">
      <Filter>jpeg\Header Files</Filter>
    </ClInclude>
    <ClInclude Include="..\..\code\jpeg-6b\jerror.h">
      <Filter>jpeg\Header Files</Filter>
    </ClInclude>
    <ClInclude Include="..\..\code\jpeg-6b\jinclude.h">
      <Filter>jpeg\Header Files</Filter>
    </ClInclude>
    <ClInclude Include="..\..\code\jpeg-6b\jmemsys.h">
      <Filter>jpeg\Header Files</Filter>
    </ClInclude>
    <ClInclude Include="..\..\code\jpeg-6b\jmorecfg.h">
      <Filter>jpeg\Header Files</Filter>
    </ClInclude>
    <ClInclude Include="..\..\code\jpeg-6b\jpegint.h">
      <Filter>jpeg\Header Files</Filter>
    </ClInclude>
    <ClInclude Include="..\..\code\jpeg-6b\jpeglib.h">
      <Filter>jpeg\Header Files</Filter>
    </ClInclude>
    <ClInclude Include="..\..\code\jpeg-6b\jversion.h">
      <Filter>jpeg\Header Files</Filter>
    </ClInclude>
    <ClInclude Include="..\..\code\lsdl\SDL_audio_c.h">
      <Filter>sdl_audio</Filter>
    </ClInclude>
    <ClInclude Include="..\..\code\lsdl\SDL_audiodev_c.h">
      <Filter>sdl_audio</Filter>
    </ClInclude>
    <ClInclude Include="..\..\code\lsdl\SDL_audiomem.h">
      <Filter>sdl_audio</Filter>
    </ClInclude>
    <ClInclude Include="..\..\code\lsdl\SDL_sysaudio.h">
      <Filter>sdl_audio</Filter>
    </ClInclude>
    <ClInclude Include="..\..\code\lsdl\SDL.h">
      <Filter>sdl_audio</Filter>
    </ClInclude>
    <ClInclude Include="..\..\code\lsdl\SDL_types.h">
      <Filter>sdl_audio</Filter>
    </ClInclude>
    <ClInclude Include="..\..\code\lsdl\SDL_config.h">
      <Filter>sdl_audio</Filter>
    </ClInclude>
  </ItemGroup>
</Project>